
Microsoft Visual Studio Solution File, Format Version 12.00
# Visual Studio Version 16
VisualStudioVersion = 16.0.32413.511
MinimumVisualStudioVersion = 10.0.40219.1
Project("{FAE04EC0-301F-11D3-BF4B-00C04F79EFBC}") = "ocaso_tic-tac-toe", "ocaso_tic-tac-toe.csproj", "{94333092-B53D-4B5F-B0B7-DE98F717D71E}"
EndProject
Global
	GlobalSection(SolutionConfigurationPlatforms) = preSolution
		Debug|Any CPU = Debug|Any CPU
		Release|Any CPU = Release|Any CPU
	EndGlobalSection
	GlobalSection(ProjectConfigurationPlatforms) = postSolution
		{94333092-B53D-4B5F-B0B7-DE98F717D71E}.Debug|Any CPU.ActiveCfg = Debug|Any CPU
		{94333092-B53D-4B5F-B0B7-DE98F717D71E}.Debug|Any CPU.Build.0 = Debug|Any CPU
		{94333092-B53D-4B5F-B0B7-DE98F717D71E}.Release|Any CPU.ActiveCfg = Release|Any CPU
		{94333092-B53D-4B5F-B0B7-DE98F717D71E}.Release|Any CPU.Build.0 = Release|Any CPU
	EndGlobalSection
	GlobalSection(SolutionProperties) = preSolution
		HideSolutionNode = FALSE
	EndGlobalSection
	GlobalSection(ExtensibilityGlobals) = postSolution
		SolutionGuid = {A9107025-AEA2-4ACD-89C3-38F1B22C9F6B}
	EndGlobalSection
EndGlobal
